
Microsoft Visual Studio Solution File, Format Version 12.00
# Visual Studio Version 17
VisualStudioVersion = 17.7.34221.43
MinimumVisualStudioVersion = 10.0.40219.1
Project("{FAE04EC0-301F-11D3-BF4B-00C04F79EFBC}") = "REST", "REST\REST.csproj", "{82729BB9-B0F8-4252-A57A-0313B049D3F8}"
EndProject
Global
	GlobalSection(SolutionConfigurationPlatforms) = preSolution
		Debug|Any CPU = Debug|Any CPU
		Release|Any CPU = Release|Any CPU
	EndGlobalSection
	GlobalSection(ProjectConfigurationPlatforms) = postSolution
		{82729BB9-B0F8-4252-A57A-0313B049D3F8}.Debug|Any CPU.ActiveCfg = Debug|Any CPU
		{82729BB9-B0F8-4252-A57A-0313B049D3F8}.Debug|Any CPU.Build.0 = Debug|Any CPU
		{82729BB9-B0F8-4252-A57A-0313B049D3F8}.Release|Any CPU.ActiveCfg = Release|Any CPU
		{82729BB9-B0F8-4252-A57A-0313B049D3F8}.Release|Any CPU.Build.0 = Release|Any CPU
	EndGlobalSection
	GlobalSection(SolutionProperties) = preSolution
		HideSolutionNode = FALSE
	EndGlobalSection
	GlobalSection(ExtensibilityGlobals) = postSolution
		SolutionGuid = {4E220EF1-C047-4C2F-AAC8-9BE0E1060AB7}
	EndGlobalSection
EndGlobal
